
Microsoft Visual Studio Solution File, Format Version 12.00
# Visual Studio Version 17
VisualStudioVersion = 17.4.33205.214
MinimumVisualStudioVersion = 10.0.40219.1
Project("{FAE04EC0-301F-11D3-BF4B-00C04F79EFBC}") = "Homework01", "Homework01\Homework01.csproj", "{B0CB6D49-B858-461D-9B89-975957B54CC1}"
EndProject
Global
	GlobalSection(SolutionConfigurationPlatforms) = preSolution
		Debug|Any CPU = Debug|Any CPU
		Release|Any CPU = Release|Any CPU
	EndGlobalSection
	GlobalSection(ProjectConfigurationPlatforms) = postSolution
		{B0CB6D49-B858-461D-9B89-975957B54CC1}.Debug|Any CPU.ActiveCfg = Debug|Any CPU
		{B0CB6D49-B858-461D-9B89-975957B54CC1}.Debug|Any CPU.Build.0 = Debug|Any CPU
		{B0CB6D49-B858-461D-9B89-975957B54CC1}.Release|Any CPU.ActiveCfg = Release|Any CPU
		{B0CB6D49-B858-461D-9B89-975957B54CC1}.Release|Any CPU.Build.0 = Release|Any CPU
	EndGlobalSection
	GlobalSection(SolutionProperties) = preSolution
		HideSolutionNode = FALSE
	EndGlobalSection
	GlobalSection(ExtensibilityGlobals) = postSolution
		SolutionGuid = {AE179BD4-861F-4A18-B6F2-4593C5D8FEF3}
	EndGlobalSection
EndGlobal
